Microsoft Visual Studio Solution File, Format Version 11.00
# Visual Studio 2008

Project("{E00EC746-C63A-5975-98BF-F8BA6F0EAA68}") = "Unity課題214010", "Assembly-CSharp.csproj", "{0F8E0102-8C55-84BB-13FD-326A4D066E26}"
EndProject
Global
	GlobalSection(SolutionConfigurationPlatforms) = preSolution
		Debug|Any CPU = Debug|Any CPU
		Release|Any CPU = Release|Any CPU
	EndGlobalSection
	GlobalSection(ProjectConfigurationPlatforms) = postSolution
		{0F8E0102-8C55-84BB-13FD-326A4D066E26}.Debug|Any CPU.ActiveCfg = Debug|Any CPU
		{0F8E0102-8C55-84BB-13FD-326A4D066E26}.Debug|Any CPU.Build.0 = Debug|Any CPU
		{0F8E0102-8C55-84BB-13FD-326A4D066E26}.Release|Any CPU.ActiveCfg = Release|Any CPU
		{0F8E0102-8C55-84BB-13FD-326A4D066E26}.Release|Any CPU.Build.0 = Release|Any CPU
	EndGlobalSection
	GlobalSection(SolutionProperties) = preSolution
		HideSolutionNode = FALSE
	EndGlobalSection
	GlobalSection(MonoDevelopProperties) = preSolution
		StartupItem = Assembly-CSharp.csproj
	EndGlobalSection
EndGlobal
